
Microsoft Visual Studio Solution File, Format Version 12.00
# Visual Studio 14
VisualStudioVersion = 14.0.25420.1
MinimumVisualStudioVersion = 10.0.40219.1
Project("{FAE04EC0-301F-11D3-BF4B-00C04F79EFBC}") = "HomeExam_DeepInstinct", "HomeExam_DeepInstinct\HomeExam_DeepInstinct.csproj", "{9436BEF5-64D2-4933-B93E-247C5000A899}"
EndProject
Project("{FAE04EC0-301F-11D3-BF4B-00C04F79EFBC}") = "HomeExam_DeepInstinctTests", "HomeExam_DeepInstinctTests\HomeExam_DeepInstinctTests.csproj", "{3B6363BF-B075-459B-AFBC-977A4D504A1C}"
EndProject
Global
	GlobalSection(SolutionConfigurationPlatforms) = preSolution
		Debug|Any CPU = Debug|Any CPU
		Release|Any CPU = Release|Any CPU
	EndGlobalSection
	GlobalSection(ProjectConfigurationPlatforms) = postSolution
		{9436BEF5-64D2-4933-B93E-247C5000A899}.Debug|Any CPU.ActiveCfg = Debug|Any CPU
		{9436BEF5-64D2-4933-B93E-247C5000A899}.Debug|Any CPU.Build.0 = Debug|Any CPU
		{9436BEF5-64D2-4933-B93E-247C5000A899}.Release|Any CPU.ActiveCfg = Release|Any CPU
		{9436BEF5-64D2-4933-B93E-247C5000A899}.Release|Any CPU.Build.0 = Release|Any CPU
		{3B6363BF-B075-459B-AFBC-977A4D504A1C}.Debug|Any CPU.ActiveCfg = Debug|Any CPU
		{3B6363BF-B075-459B-AFBC-977A4D504A1C}.Debug|Any CPU.Build.0 = Debug|Any CPU
		{3B6363BF-B075-459B-AFBC-977A4D504A1C}.Release|Any CPU.ActiveCfg = Release|Any CPU
		{3B6363BF-B075-459B-AFBC-977A4D504A1C}.Release|Any CPU.Build.0 = Release|Any CPU
	EndGlobalSection
	GlobalSection(SolutionProperties) = preSolution
		HideSolutionNode = FALSE
	EndGlobalSection
EndGlobal
